
Microsoft Visual Studio Solution File, Format Version 12.00
# Visual Studio 15
VisualStudioVersion = 15.0.28307.329
MinimumVisualStudioVersion = 10.0.40219.1
Project("{FAE04EC0-301F-11D3-BF4B-00C04F79EFBC}") = "SpaceTest", "SpaceTest\SpaceTest.csproj", "{B19805C4-8E5B-46CD-A4F0-A7F50A899C49}"
EndProject
Global
	GlobalSection(SolutionConfigurationPlatforms) = preSolution
		Debug|Any CPU = Debug|Any CPU
		Release|Any CPU = Release|Any CPU
	EndGlobalSection
	GlobalSection(ProjectConfigurationPlatforms) = postSolution
		{B19805C4-8E5B-46CD-A4F0-A7F50A899C49}.Debug|Any CPU.ActiveCfg = Debug|Any CPU
		{B19805C4-8E5B-46CD-A4F0-A7F50A899C49}.Debug|Any CPU.Build.0 = Debug|Any CPU
		{B19805C4-8E5B-46CD-A4F0-A7F50A899C49}.Release|Any CPU.ActiveCfg = Release|Any CPU
		{B19805C4-8E5B-46CD-A4F0-A7F50A899C49}.Release|Any CPU.Build.0 = Release|Any CPU
	EndGlobalSection
	GlobalSection(SolutionProperties) = preSolution
		HideSolutionNode = FALSE
	EndGlobalSection
	GlobalSection(ExtensibilityGlobals) = postSolution
		SolutionGuid = {E39BD4EF-2D2C-499B-A1BA-0912EFBEFE64}
	EndGlobalSection
EndGlobal
